
Microsoft Visual Studio Solution File, Format Version 12.00
# Visual Studio 2013
VisualStudioVersion = 12.0.40629.0
MinimumVisualStudioVersion = 10.0.40219.1
Project("{FAE04EC0-301F-11D3-BF4B-00C04F79EFBC}") = "ToDoList", "ToDoList\ToDoList.csproj", "{26112500-7FAC-420E-992C-069BAD773FE1}"
EndProject
Project("{54435603-DBB4-11D2-8724-00A0C9A8B90C}") = "TodoListInstall", "TodoListInstall\TodoListInstall.vdproj", "{E7A1719E-B3FF-4596-8EF3-96D70D370032}"
EndProject
Global
	GlobalSection(SolutionConfigurationPlatforms) = preSolution
		Debug|Any CPU = Debug|Any CPU
		Release|Any CPU = Release|Any CPU
	EndGlobalSection
	GlobalSection(ProjectConfigurationPlatforms) = postSolution
		{26112500-7FAC-420E-992C-069BAD773FE1}.Debug|Any CPU.ActiveCfg = Debug|Any CPU
		{26112500-7FAC-420E-992C-069BAD773FE1}.Debug|Any CPU.Build.0 = Debug|Any CPU
		{26112500-7FAC-420E-992C-069BAD773FE1}.Release|Any CPU.ActiveCfg = Release|Any CPU
		{26112500-7FAC-420E-992C-069BAD773FE1}.Release|Any CPU.Build.0 = Release|Any CPU
		{E7A1719E-B3FF-4596-8EF3-96D70D370032}.Debug|Any CPU.ActiveCfg = Debug
		{E7A1719E-B3FF-4596-8EF3-96D70D370032}.Release|Any CPU.ActiveCfg = Release
	EndGlobalSection
	GlobalSection(SolutionProperties) = preSolution
		HideSolutionNode = FALSE
	EndGlobalSection
EndGlobal
